
Microsoft Visual Studio Solution File, Format Version 12.00
# Visual Studio Version 17
VisualStudioVersion = 17.7.34031.279
MinimumVisualStudioVersion = 10.0.40219.1
Project("{FAE04EC0-301F-11D3-BF4B-00C04F79EFBC}") = "04.19 gyak D", "04.19 gyak D\04.19 gyak D.csproj", "{EAFCF390-F3FD-4735-964D-39DF21C1B411}"
EndProject
Global
	GlobalSection(SolutionConfigurationPlatforms) = preSolution
		Debug|Any CPU = Debug|Any CPU
		Release|Any CPU = Release|Any CPU
	EndGlobalSection
	GlobalSection(ProjectConfigurationPlatforms) = postSolution
		{EAFCF390-F3FD-4735-964D-39DF21C1B411}.Debug|Any CPU.ActiveCfg = Debug|Any CPU
		{EAFCF390-F3FD-4735-964D-39DF21C1B411}.Debug|Any CPU.Build.0 = Debug|Any CPU
		{EAFCF390-F3FD-4735-964D-39DF21C1B411}.Release|Any CPU.ActiveCfg = Release|Any CPU
		{EAFCF390-F3FD-4735-964D-39DF21C1B411}.Release|Any CPU.Build.0 = Release|Any CPU
	EndGlobalSection
	GlobalSection(SolutionProperties) = preSolution
		HideSolutionNode = FALSE
	EndGlobalSection
	GlobalSection(ExtensibilityGlobals) = postSolution
		SolutionGuid = {4A1C8A34-4940-44C1-91DB-77F5C5E36B75}
	EndGlobalSection
EndGlobal
