
Microsoft Visual Studio Solution File, Format Version 12.00
# Visual Studio Version 17
VisualStudioVersion = 17.7.34031.279
MinimumVisualStudioVersion = 10.0.40219.1
Project("{FAE04EC0-301F-11D3-BF4B-00C04F79EFBC}") = "gyak 05.10", "gyak 05.10\gyak 05.10.csproj", "{31EEA60E-272B-4103-AD58-1F3092830B85}"
EndProject
Global
	GlobalSection(SolutionConfigurationPlatforms) = preSolution
		Debug|Any CPU = Debug|Any CPU
		Release|Any CPU = Release|Any CPU
	EndGlobalSection
	GlobalSection(ProjectConfigurationPlatforms) = postSolution
		{31EEA60E-272B-4103-AD58-1F3092830B85}.Debug|Any CPU.ActiveCfg = Debug|Any CPU
		{31EEA60E-272B-4103-AD58-1F3092830B85}.Debug|Any CPU.Build.0 = Debug|Any CPU
		{31EEA60E-272B-4103-AD58-1F3092830B85}.Release|Any CPU.ActiveCfg = Release|Any CPU
		{31EEA60E-272B-4103-AD58-1F3092830B85}.Release|Any CPU.Build.0 = Release|Any CPU
	EndGlobalSection
	GlobalSection(SolutionProperties) = preSolution
		HideSolutionNode = FALSE
	EndGlobalSection
	GlobalSection(ExtensibilityGlobals) = postSolution
		SolutionGuid = {1234A20B-6BF4-4973-960F-0DCC6FCEC750}
	EndGlobalSection
EndGlobal
