
Microsoft Visual Studio Solution File, Format Version 12.00
# Visual Studio Version 17
VisualStudioVersion = 17.7.34031.279
MinimumVisualStudioVersion = 10.0.40219.1
Project("{FAE04EC0-301F-11D3-BF4B-00C04F79EFBC}") = "04 09 gyakorlas", "04 09 gyakorlas\04 09 gyakorlas.csproj", "{0067D605-6C59-4D1A-AE1C-2A98C1D8C518}"
EndProject
Global
	GlobalSection(SolutionConfigurationPlatforms) = preSolution
		Debug|Any CPU = Debug|Any CPU
		Release|Any CPU = Release|Any CPU
	EndGlobalSection
	GlobalSection(ProjectConfigurationPlatforms) = postSolution
		{0067D605-6C59-4D1A-AE1C-2A98C1D8C518}.Debug|Any CPU.ActiveCfg = Debug|Any CPU
		{0067D605-6C59-4D1A-AE1C-2A98C1D8C518}.Debug|Any CPU.Build.0 = Debug|Any CPU
		{0067D605-6C59-4D1A-AE1C-2A98C1D8C518}.Release|Any CPU.ActiveCfg = Release|Any CPU
		{0067D605-6C59-4D1A-AE1C-2A98C1D8C518}.Release|Any CPU.Build.0 = Release|Any CPU
	EndGlobalSection
	GlobalSection(SolutionProperties) = preSolution
		HideSolutionNode = FALSE
	EndGlobalSection
	GlobalSection(ExtensibilityGlobals) = postSolution
		SolutionGuid = {5F2A9876-B8FB-437D-A8C8-58A0BC66BD88}
	EndGlobalSection
EndGlobal
