
Microsoft Visual Studio Solution File, Format Version 12.00
# Visual Studio Version 17
VisualStudioVersion = 17.7.34024.191
MinimumVisualStudioVersion = 10.0.40219.1
Project("{FAE04EC0-301F-11D3-BF4B-00C04F79EFBC}") = "09.17 C# Hazi", "09.17 C# Hazi\09.17 C# Hazi.csproj", "{9711BBA8-CDA1-4232-80B5-BA547D2A533D}"
EndProject
Global
	GlobalSection(SolutionConfigurationPlatforms) = preSolution
		Debug|Any CPU = Debug|Any CPU
		Release|Any CPU = Release|Any CPU
	EndGlobalSection
	GlobalSection(ProjectConfigurationPlatforms) = postSolution
		{9711BBA8-CDA1-4232-80B5-BA547D2A533D}.Debug|Any CPU.ActiveCfg = Debug|Any CPU
		{9711BBA8-CDA1-4232-80B5-BA547D2A533D}.Debug|Any CPU.Build.0 = Debug|Any CPU
		{9711BBA8-CDA1-4232-80B5-BA547D2A533D}.Release|Any CPU.ActiveCfg = Release|Any CPU
		{9711BBA8-CDA1-4232-80B5-BA547D2A533D}.Release|Any CPU.Build.0 = Release|Any CPU
	EndGlobalSection
	GlobalSection(SolutionProperties) = preSolution
		HideSolutionNode = FALSE
	EndGlobalSection
	GlobalSection(ExtensibilityGlobals) = postSolution
		SolutionGuid = {35C62A2C-73BE-49DE-BE2F-80FEFC51FB69}
	EndGlobalSection
EndGlobal
