
Microsoft Visual Studio Solution File, Format Version 12.00
# Visual Studio Version 17
VisualStudioVersion = 17.7.34031.279
MinimumVisualStudioVersion = 10.0.40219.1
Project("{FAE04EC0-301F-11D3-BF4B-00C04F79EFBC}") = "04.30 gyakorlas D", "04.30 gyakorlas D\04.30 gyakorlas D.csproj", "{34DDAAC2-3D47-4245-95BA-DD6B70DBE808}"
EndProject
Global
	GlobalSection(SolutionConfigurationPlatforms) = preSolution
		Debug|Any CPU = Debug|Any CPU
		Release|Any CPU = Release|Any CPU
	EndGlobalSection
	GlobalSection(ProjectConfigurationPlatforms) = postSolution
		{34DDAAC2-3D47-4245-95BA-DD6B70DBE808}.Debug|Any CPU.ActiveCfg = Debug|Any CPU
		{34DDAAC2-3D47-4245-95BA-DD6B70DBE808}.Debug|Any CPU.Build.0 = Debug|Any CPU
		{34DDAAC2-3D47-4245-95BA-DD6B70DBE808}.Release|Any CPU.ActiveCfg = Release|Any CPU
		{34DDAAC2-3D47-4245-95BA-DD6B70DBE808}.Release|Any CPU.Build.0 = Release|Any CPU
	EndGlobalSection
	GlobalSection(SolutionProperties) = preSolution
		HideSolutionNode = FALSE
	EndGlobalSection
	GlobalSection(ExtensibilityGlobals) = postSolution
		SolutionGuid = {50B34BF3-4BF2-4ED9-8299-F2E23F429AAE}
	EndGlobalSection
EndGlobal
