
Microsoft Visual Studio Solution File, Format Version 12.00
# Visual Studio Version 17
VisualStudioVersion = 17.7.34031.279
MinimumVisualStudioVersion = 10.0.40219.1
Project("{FAE04EC0-301F-11D3-BF4B-00C04F79EFBC}") = "09.29 masodik proba", "09.29 masodik proba\09.29 masodik proba.csproj", "{E84B12E2-800D-42DE-BD5B-FA9C57F3B6C5}"
EndProject
Global
	GlobalSection(SolutionConfigurationPlatforms) = preSolution
		Debug|Any CPU = Debug|Any CPU
		Release|Any CPU = Release|Any CPU
	EndGlobalSection
	GlobalSection(ProjectConfigurationPlatforms) = postSolution
		{E84B12E2-800D-42DE-BD5B-FA9C57F3B6C5}.Debug|Any CPU.ActiveCfg = Debug|Any CPU
		{E84B12E2-800D-42DE-BD5B-FA9C57F3B6C5}.Debug|Any CPU.Build.0 = Debug|Any CPU
		{E84B12E2-800D-42DE-BD5B-FA9C57F3B6C5}.Release|Any CPU.ActiveCfg = Release|Any CPU
		{E84B12E2-800D-42DE-BD5B-FA9C57F3B6C5}.Release|Any CPU.Build.0 = Release|Any CPU
	EndGlobalSection
	GlobalSection(SolutionProperties) = preSolution
		HideSolutionNode = FALSE
	EndGlobalSection
	GlobalSection(ExtensibilityGlobals) = postSolution
		SolutionGuid = {0935A282-255C-458F-9160-CDB2A8581E94}
	EndGlobalSection
EndGlobal
