
Microsoft Visual Studio Solution File, Format Version 12.00
# Visual Studio Version 17
VisualStudioVersion = 17.7.34031.279
MinimumVisualStudioVersion = 10.0.40219.1
Project("{FAE04EC0-301F-11D3-BF4B-00C04F79EFBC}") = "03.05", "03.05\03.05.csproj", "{BF0274CD-E181-4E08-908F-77BA98C6EA75}"
EndProject
Global
	GlobalSection(SolutionConfigurationPlatforms) = preSolution
		Debug|Any CPU = Debug|Any CPU
		Release|Any CPU = Release|Any CPU
	EndGlobalSection
	GlobalSection(ProjectConfigurationPlatforms) = postSolution
		{BF0274CD-E181-4E08-908F-77BA98C6EA75}.Debug|Any CPU.ActiveCfg = Debug|Any CPU
		{BF0274CD-E181-4E08-908F-77BA98C6EA75}.Debug|Any CPU.Build.0 = Debug|Any CPU
		{BF0274CD-E181-4E08-908F-77BA98C6EA75}.Release|Any CPU.ActiveCfg = Release|Any CPU
		{BF0274CD-E181-4E08-908F-77BA98C6EA75}.Release|Any CPU.Build.0 = Release|Any CPU
	EndGlobalSection
	GlobalSection(SolutionProperties) = preSolution
		HideSolutionNode = FALSE
	EndGlobalSection
	GlobalSection(ExtensibilityGlobals) = postSolution
		SolutionGuid = {A4D04FDA-4CAB-4FB7-9C8F-BE4657952148}
	EndGlobalSection
EndGlobal
