
Microsoft Visual Studio Solution File, Format Version 12.00
# Visual Studio Version 17
VisualStudioVersion = 17.7.34031.279
MinimumVisualStudioVersion = 10.0.40219.1
Project("{FAE04EC0-301F-11D3-BF4B-00C04F79EFBC}") = "10.19 orai munka", "10.19 orai munka\10.19 orai munka.csproj", "{44023B91-6639-480C-9E7E-EE0536E3598E}"
EndProject
Global
	GlobalSection(SolutionConfigurationPlatforms) = preSolution
		Debug|Any CPU = Debug|Any CPU
		Release|Any CPU = Release|Any CPU
	EndGlobalSection
	GlobalSection(ProjectConfigurationPlatforms) = postSolution
		{44023B91-6639-480C-9E7E-EE0536E3598E}.Debug|Any CPU.ActiveCfg = Debug|Any CPU
		{44023B91-6639-480C-9E7E-EE0536E3598E}.Debug|Any CPU.Build.0 = Debug|Any CPU
		{44023B91-6639-480C-9E7E-EE0536E3598E}.Release|Any CPU.ActiveCfg = Release|Any CPU
		{44023B91-6639-480C-9E7E-EE0536E3598E}.Release|Any CPU.Build.0 = Release|Any CPU
	EndGlobalSection
	GlobalSection(SolutionProperties) = preSolution
		HideSolutionNode = FALSE
	EndGlobalSection
	GlobalSection(ExtensibilityGlobals) = postSolution
		SolutionGuid = {89FC061B-4643-4270-B359-694A676B7974}
	EndGlobalSection
EndGlobal
